
Microsoft Visual Studio Solution File, Format Version 12.00
# Visual Studio Version 17
VisualStudioVersion = 17.8.34511.84
MinimumVisualStudioVersion = 10.0.40219.1
Project("{FAE04EC0-301F-11D3-BF4B-00C04F79EFBC}") = "WindowsFormsFirstTry", "WindowsFormsFirstTry.csproj", "{CDCDC6A4-CBE4-4F36-8FF3-92712F2E4C3D}"
EndProject
Global
	GlobalSection(SolutionConfigurationPlatforms) = preSolution
		Debug|Any CPU = Debug|Any CPU
		Release|Any CPU = Release|Any CPU
	EndGlobalSection
	GlobalSection(ProjectConfigurationPlatforms) = postSolution
		{CDCDC6A4-CBE4-4F36-8FF3-92712F2E4C3D}.Debug|Any CPU.ActiveCfg = Debug|Any CPU
		{CDCDC6A4-CBE4-4F36-8FF3-92712F2E4C3D}.Debug|Any CPU.Build.0 = Debug|Any CPU
		{CDCDC6A4-CBE4-4F36-8FF3-92712F2E4C3D}.Release|Any CPU.ActiveCfg = Release|Any CPU
		{CDCDC6A4-CBE4-4F36-8FF3-92712F2E4C3D}.Release|Any CPU.Build.0 = Release|Any CPU
	EndGlobalSection
	GlobalSection(SolutionProperties) = preSolution
		HideSolutionNode = FALSE
	EndGlobalSection
	GlobalSection(ExtensibilityGlobals) = postSolution
		SolutionGuid = {CD9B1857-EAD5-4DB2-9174-E1A61D9A6ED1}
	EndGlobalSection
EndGlobal
